
Microsoft Visual Studio Solution File, Format Version 12.00
# Visual Studio Version 17
VisualStudioVersion = 17.4.33122.133
MinimumVisualStudioVersion = 10.0.40219.1
Project("{FAE04EC0-301F-11D3-BF4B-00C04F79EFBC}") = "up02.01", "up02.01\up02.01.csproj", "{291E5644-767D-4F58-A6C8-B834EC130808}"
EndProject
Global
	GlobalSection(SolutionConfigurationPlatforms) = preSolution
		Debug|Any CPU = Debug|Any CPU
		Release|Any CPU = Release|Any CPU
	EndGlobalSection
	GlobalSection(ProjectConfigurationPlatforms) = postSolution
		{291E5644-767D-4F58-A6C8-B834EC130808}.Debug|Any CPU.ActiveCfg = Debug|Any CPU
		{291E5644-767D-4F58-A6C8-B834EC130808}.Debug|Any CPU.Build.0 = Debug|Any CPU
		{291E5644-767D-4F58-A6C8-B834EC130808}.Release|Any CPU.ActiveCfg = Release|Any CPU
		{291E5644-767D-4F58-A6C8-B834EC130808}.Release|Any CPU.Build.0 = Release|Any CPU
	EndGlobalSection
	GlobalSection(SolutionProperties) = preSolution
		HideSolutionNode = FALSE
	EndGlobalSection
	GlobalSection(ExtensibilityGlobals) = postSolution
		SolutionGuid = {121663F7-1E37-43CF-A765-461D6BC0DF70}
	EndGlobalSection
EndGlobal
